// !$*UTF8*$!
{
	archiveVersion = 1;
	classes = {
	};
	objectVersion = 50;
	objects = {

/* Begin PBXBuildFile section */
		BF3E1E1D239D655B0053A795 /* AppDelegate.swift in Sources */ = {isa = PBXBuildFile; fileRef = BF3E1E1C239D655B0053A795 /* AppDelegate.swift */; };
		BF3E1E1F239D655B0053A795 /* SceneDelegate.swift in Sources */ = {isa = PBXBuildFile; fileRef = BF3E1E1E239D655B0053A795 /* SceneDelegate.swift */; };
		BF3E1E21239D655B0053A795 /* ViewController.swift in Sources */ = {isa = PBXBuildFile; fileRef = BF3E1E20239D655B0053A795 /* ViewController.swift */; };
		BF3E1E24239D655B0053A795 /* Main.storyboard in Resources */ = {isa = PBXBuildFile; fileRef = BF3E1E22239D655B0053A795 /* Main.storyboard */; };
		BF3E1E26239D655D0053A795 /* Assets.xcassets in Resources */ = {isa = PBXBuildFile; fileRef = BF3E1E25239D655D0053A795 /* Assets.xcassets */; };
		BF3E1E29239D655D0053A795 /* LaunchScreen.storyboard in Resources */ = {isa = PBXBuildFile; fileRef = BF3E1E27239D655D0053A795 /* LaunchScreen.storyboard */; };
/* End PBXBuildFile section */

/* Begin PBXFileReference section */
		BF3E1E19239D655B0053A795 /* TableView-v2.app */ = {isa = PBXFileReference; explicitFileType = wrapper.application; includeInIndex = 0; path = "TableView-v2.app"; sourceTree = BUILT_PRODUCTS_DIR; };
		BF3E1E1C239D655B0053A795 /* AppDelegate.swift */ = {isa = PBXFileReference; lastKnownFileType = sourcecode.swift; path = AppDelegate.swift; sourceTree = "<group>"; };
		BF3E1E1E239D655B0053A795 /* SceneDelegate.swift */ = {isa = PBXFileReference; lastKnownFileType = sourcecode.swift; path = SceneDelegate.swift; sourceTree = "<group>"; };
		BF3E1E20239D655B0053A795 /* ViewController.swift */ = {isa = PBXFileReference; lastKnownFileType = sourcecode.swift; path = ViewController.swift; sourceTree = "<group>"; };
		BF3E1E23239D655B0053A795 /* Base */ = {isa = PBXFileReference; lastKnownFileType = file.storyboard; name = Base; path = Base.lproj/Main.storyboard; sourceTree = "<group>"; };
		BF3E1E25239D655D0053A795 /* Assets.xcassets */ = {isa = PBXFileReference; lastKnownFileType = folder.assetcatalog; path = Assets.xcassets; sourceTree = "<group>"; };
		BF3E1E28239D655D0053A795 /* Base */ = {isa = PBXFileReference; lastKnownFileType = file.storyboard; name = Base; path = Base.lproj/LaunchScreen.storyboard; sourceTree = "<group>"; };
		BF3E1E2A239D655D0053A795 /* Info.plist */ = {isa = PBXFileReference; lastKnownFileType = text.plist.xml; path = Info.plist; sourceTree = "<group>"; };
/* End PBXFileReference section */

/* Begin PBXFrameworksBuildPhase section */
		BF3E1E16239D655B0053A795 /* Frameworks */ = {
			isa = PBXFrameworksBuildPhase;
			buildActionMask = 2147483647;
			files = (
			);
			runOnlyForDeploymentPostprocessing = 0;
		};
/* End PBXFrameworksBuildPhase section */

/* Begin PBXGroup section */
		BF3E1E10239D655B0053A795 = {
			isa = PBXGroup;
			children = (
				BF3E1E1B239D655B0053A795 /* TableView-v2 */,
				BF3E1E1A239D655B0053A795 /* Products */,
			);
			sourceTree = "<group>";
		};
		BF3E1E1A239D655B0053A795 /* Products */ = {
			isa = PBXGroup;
			children = (
				BF3E1E19239D655B0053A795 /* TableView-v2.app */,
			);
			name = Products;
			sourceTree = "<group>";
		};
		BF3E1E1B239D655B0053A795 /* TableView-v2 */ = {
			isa = PBXGroup;
			children = (
				BF3E1E1C239D655B0053A795 /* AppDelegate.swift */,
				BF3E1E1E239D655B0053A795 /* SceneDelegate.swift */,
				BF3E1E20239D655B0053A795 /* ViewController.swift */,
				BF3E1E22239D655B0053A795 /* Main.storyboard */,
				BF3E1E25239D655D0053A795 /* Assets.xcassets */,
				BF3E1E27239D655D0053A795 /* LaunchScreen.storyboard */,
				BF3E1E2A239D655D0053A795 /* Info.plist */,
			);
			path = "TableView-v2";
			sourceTree = "<group>";
		};
/* End PBXGroup section */

/* Begin PBXNativeTarget section */
		BF3E1E18239D655B0053A795 /* TableView-v2 */ = {
			isa = PBXNativeTarget;
			buildConfigurationList = BF3E1E2D239D655D0053A795 /* Build configuration list for PBXNativeTarget "TableView-v2" */;
			buildPhases = (
				BF3E1E15239D655B0053A795 /* Sources */,
				BF3E1E16239D655B0053A795 /* Frameworks */,
				BF3E1E17239D655B0053A795 /* Resources */,
			);
			buildRules = (
			);
			dependencies = (
			);
			name = "TableView-v2";
			productName = "TableView-v2";
			productReference = BF3E1E19239D655B0053A795 /* TableView-v2.app */;
			productType = "com.apple.product-type.application";
		};
/* End PBXNativeTarget section */

/* Begin PBXProject section */
		BF3E1E11239D655B0053A795 /* Project object */ = {
			isa = PBXProject;
			attributes = {
				LastSwiftUpdateCheck = 1110;
				LastUpgradeCheck = 1110;
				ORGANIZATIONNAME = yuhua.cheng.ihandysoft;
				TargetAttributes = {
					BF3E1E18239D655B0053A795 = {
						CreatedOnToolsVersion = 11.1;
					};
				};
			};
			buildConfigurationList = BF3E1E14239D655B0053A795 /* Build configuration list for PBXProject "TableView-v2" */;
			compatibilityVersion = "Xcode 9.3";
			developmentRegion = en;
			hasScannedForEncodings = 0;
			knownRegions = (
				en,
				Base,
			);
			mainGroup = BF3E1E10239D655B0053A795;
			productRefGroup = BF3E1E1A239D655B0053A795 /* Products */;
			projectDirPath = "";
			projectRoot = "";
			targets = (
				BF3E1E18239D655B0053A795 /* TableView-v2 */,
			);
		};
/* End PBXProject section */

/* Begin PBXResourcesBuildPhase section */
		BF3E1E17239D655B0053A795 /* Resources */ = {
			isa = PBXResourcesBuildPhase;
			buildActionMask = 2147483647;
			files = (
				BF3E1E29239D655D0053A795 /* LaunchScreen.storyboard in Resources */,
				BF3E1E26239D655D0053A795 /* Assets.xcassets in Resources */,
				BF3E1E24239D655B0053A795 /* Main.storyboard in Resources */,
			);
			runOnlyForDeploymentPostprocessing = 0;
		};
/* End PBXResourcesBuildPhase section */

/* Begin PBXSourcesBuildPhase section */
		BF3E1E15239D655B0053A795 /* Sources */ = {
			isa = PBXSourcesBuildPhase;
			buildActionMask = 2147483647;
			files = (
				BF3E1E21239D655B0053A795 /* ViewController.swift in Sources */,
				BF3E1E1D239D655B0053A795 /* AppDelegate.swift in Sources */,
				BF3E1E1F239D655B0053A795 /* SceneDelegate.swift in Sources */,
			);
			runOnlyForDeploymentPostprocessing = 0;
		};
/* End PBXSourcesBuildPhase section */

/* Begin PBXVariantGroup section */
		BF3E1E22239D655B0053A795 /* Main.storyboard */ = {
			isa = PBXVariantGroup;
			children = (
				BF3E1E23239D655B0053A795 /* Base */,
			);
			name = Main.storyboard;
			sourceTree = "<group>";
		};
		BF3E1E27239D655D0053A795 /* LaunchScreen.storyboard */ = {
			isa = PBXVariantGroup;
			children = (
				BF3E1E28239D655D0053A795 /* Base */,
			);
			name = LaunchScreen.storyboard;
			sourceTree = "<group>";
		};
/* End PBXVariantGroup section */

/* Begin XCBuildConfiguration section */
		BF3E1E2B239D655D0053A795 /* Debug */ = {
			isa = XCBuildConfiguration;
			buildSettings = {
				ALWAYS_SEARCH_USER_PATHS = NO;
				CLANG_ANALYZER_NONNULL = YES;
				CLANG_ANALYZER_NUMBER_OBJECT_CONVERSION = YES_AGGRESSIVE;
				CLANG_CXX_LANGUAGE_STANDARD = "gnu++14";
				CLANG_CXX_LIBRARY = "libc++";
				CLANG_ENABLE_MODULES = YES;
				CLANG_ENABLE_OBJC_ARC = YES;
				CLANG_ENABLE_OBJC_WEAK = YES;
				CLANG_WARN_BLOCK_CAPTURE_AUTORELEASING = YES;
				CLANG_WARN_BOOL_CONVERSION = YES;
				CLANG_WARN_COMMA = YES;
				CLANG_WARN_CONSTANT_CONVERSION = YES;
				CLANG_WARN_DEPRECATED_OBJC_IMPLEMENTATIONS = YES;
				CLANG_WARN_DIRECT_OBJC_ISA_USAGE = YES_ERROR;
				CLANG_WARN_DOCUMENTATION_COMMENTS = YES;
				CLANG_WARN_EMPTY_BODY = YES;
				CLANG_WARN_ENUM_CONVERSION = YES;
				CLANG_WARN_INFINITE_RECURSION = YES;
				CLANG_WARN_INT_CONVERSION = YES;
				CLANG_WARN_NON_LITERAL_NULL_CONVERSION = YES;
				CLANG_WARN_OBJC_IMPLICIT_RETAIN_SELF = YES;
				CLANG_WARN_OBJC_LITERAL_CONVERSION = YES;
				CLANG_WARN_OBJC_ROOT_CLASS = YES_ERROR;
				CLANG_WARN_RANGE_LOOP_ANALYSIS = YES;
				CLANG_WARN_STRICT_PROTOTYPES = YES;
				CLANG_WARN_SUSPICIOUS_MOVE = YES;
				CLANG_WARN_UNGUARDED_AVAILABILITY = YES_AGGRESSIVE;
				CLANG_WARN_UNREACHABLE_CODE = YES;
				CLANG_WARN__DUPLICATE_METHOD_MATCH = YES;
				COPY_PHASE_STRIP = NO;
				DEBUG_INFORMATION_FORMAT = dwarf;
				ENABLE_STRICT_OBJC_MSGSEND = YES;
				ENABLE_TESTABILITY = YES;
				GCC_C_LANGUAGE_STANDARD = gnu11;
				GCC_DYNAMIC_NO_PIC = NO;
				GCC_NO_COMMON_BLOCKS = YES;
				GCC_OPTIMIZATION_LEVEL = 0;
				GCC_PREPROCESSOR_DEFINITIONS = (
					"DEBUG=1",
					"$(inherited)",
				);
				GCC_WARN_64_TO_32_BIT_CONVERSION = YES;
				GCC_WARN_ABOUT_RETURN_TYPE = YES_ERROR;
				GCC_WARN_UNDECLARED_SELECTOR = YES;
				GCC_WARN_UNINITIALIZED_AUTOS = YES_AGGRESSIVE;
				GCC_WARN_UNUSED_FUNCTION = YES;
				GCC_WARN_UNUSED_VARIABLE = YES;
				IPHONEOS_DEPLOYMENT_TARGET = 13.1;
				MTL_ENABLE_DEBUG_INFO = INCLUDE_SOURCE;
				MTL_FAST_MATH = YES;
				ONLY_ACTIVE_ARCH = YES;
				SDKROOT = iphoneos;
				SWIFT_ACTIVE_COMPILATION_CONDITIONS = DEBUG;
				SWIFT_OPTIMIZATION_LEVEL = "-Onone";
			};
			name = Debug;
		};
		BF3E1E2C239D655D0053A795 /* Release */ = {
			isa = XCBuildConfiguration;
			buildSettings = {
				ALWAYS_SEARCH_USER_PATHS = NO;
				CLANG_ANALYZER_NONNULL = YES;
				CLANG_ANALYZER_NUMBER_OBJECT_CONVERSION = YES_AGGRESSIVE;
				CLANG_CXX_LANGUAGE_STANDARD = "gnu++14";
				CLANG_CXX_LIBRARY = "libc++";
				CLANG_ENABLE_MODULES = YES;
				CLANG_ENABLE_OBJC_ARC = YES;
				CLANG_ENABLE_OBJC_WEAK = YES;
				CLANG_WARN_BLOCK_CAPTURE_AUTORELEASING = YES;
				CLANG_WARN_BOOL_CONVERSION = YES;
				CLANG_WARN_COMMA = YES;
				CLANG_WARN_CONSTANT_CONVERSION = YES;
				CLANG_WARN_DEPRECATED_OBJC_IMPLEMENTATIONS = YES;
				CLANG_WARN_DIRECT_OBJC_ISA_USAGE = YES_ERROR;
				CLANG_WARN_DOCUMENTATION_COMMENTS = YES;
				CLANG_WARN_EMPTY_BODY = YES;
				CLANG_WARN_ENUM_CONVERSION = YES;
				CLANG_WARN_INFINITE_RECURSION = YES;
				CLANG_WARN_INT_CONVERSION = YES;
				CLANG_WARN_NON_LITERAL_NULL_CONVERSION = YES;
				CLANG_WARN_OBJC_IMPLICIT_RETAIN_SELF = YES;
				CLANG_WARN_OBJC_LITERAL_CONVERSION = YES;
				CLANG_WARN_OBJC_ROOT_CLASS = YES_ERROR;
				CLANG_WARN_RANGE_LOOP_ANALYSIS = YES;
				CLANG_WARN_STRICT_PROTOTYPES = YES;
				CLANG_WARN_SUSPICIOUS_MOVE = YES;
				CLANG_WARN_UNGUARDED_AVAILABILITY = YES_AGGRESSIVE;
				CLANG_WARN_UNREACHABLE_CODE = YES;
				CLANG_WARN__DUPLICATE_METHOD_MATCH = YES;
				COPY_PHASE_STRIP = NO;
				DEBUG_INFORMATION_FORMAT = "dwarf-with-dsym";
				ENABLE_NS_ASSERTIONS = NO;
				ENABLE_STRICT_OBJC_MSGSEND = YES;
				GCC_C_LANGUAGE_STANDARD = gnu11;
				GCC_NO_COMMON_BLOCKS = YES;
				GCC_WARN_64_TO_32_BIT_CONVERSION = YES;
				GCC_WARN_ABOUT_RETURN_TYPE = YES_ERROR;
				GCC_WARN_UNDECLARED_SELECTOR = YES;
				GCC_WARN_UNINITIALIZED_AUTOS = YES_AGGRESSIVE;
				GCC_WARN_UNUSED_FUNCTION = YES;
				GCC_WARN_UNUSED_VARIABLE = YES;
				IPHONEOS_DEPLOYMENT_TARGET = 13.1;
				MTL_ENABLE_DEBUG_INFO = NO;
				MTL_FAST_MATH = YES;
				SDKROOT = iphoneos;
				SWIFT_COMPILATION_MODE = wholemodule;
				SWIFT_OPTIMIZATION_LEVEL = "-O";
				VALIDATE_PRODUCT = YES;
			};
			name = Release;
		};
		BF3E1E2E239D655D0053A795 /* Debug */ = {
			isa = XCBuildConfiguration;
			buildSettings = {
				ASSETCATALOG_COMPILER_APPICON_NAME = AppIcon;
				CODE_SIGN_STYLE = Automatic;
				INFOPLIST_FILE = "TableView-v2/Info.plist";
				LD_RUNPATH_SEARCH_PATHS = (
					"$(inherited)",
					"@executable_path/Frameworks",
				);
				PRODUCT_BUNDLE_IDENTIFIER = "com.yuhua.cheng.ihandysoft.TableView-v2";
				PRODUCT_NAME = "$(TARGET_NAME)";
				SWIFT_VERSION = 5.0;
				TARGETED_DEVICE_FAMILY = "1,2";
			};
			name = Debug;
		};
		BF3E1E2F239D655D0053A795 /* Release */ = {
			isa = XCBuildConfiguration;
			buildSettings = {
				ASSETCATALOG_COMPILER_APPICON_NAME = AppIcon;
				CODE_SIGN_STYLE = Automatic;
				INFOPLIST_FILE = "TableView-v2/Info.plist";
				LD_RUNPATH_SEARCH_PATHS = (
					"$(inherited)",
					"@executable_path/Frameworks",
				);
				PRODUCT_BUNDLE_IDENTIFIER = "com.yuhua.cheng.ihandysoft.TableView-v2";
				PRODUCT_NAME = "$(TARGET_NAME)";
				SWIFT_VERSION = 5.0;
				TARGETED_DEVICE_FAMILY = "1,2";
			};
			name = Release;
		};
/* End XCBuildConfiguration section */

/* Begin XCConfigurationList section */
		BF3E1E14239D655B0053A795 /* Build configuration list for PBXProject "TableView-v2" */ = {
			isa = XCConfigurationList;
			buildConfigurations = (
				BF3E1E2B239D655D0053A795 /* Debug */,
				BF3E1E2C239D655D0053A795 /* Release */,
			);
			defaultConfigurationIsVisible = 0;
			defaultConfigurationName = Release;
		};
		BF3E1E2D239D655D0053A795 /* Build configuration list for PBXNativeTarget "TableView-v2" */ = {
			isa = XCConfigurationList;
			buildConfigurations = (
				BF3E1E2E239D655D0053A795 /* Debug */,
				BF3E1E2F239D655D0053A795 /* Release */,
			);
			defaultConfigurationIsVisible = 0;
			defaultConfigurationName = Release;
		};
/* End XCConfigurationList section */
	};
	rootObject = BF3E1E11239D655B0053A795 /* Project object */;
}
