// !$*UTF8*$!
{
	archiveVersion = 1;
	classes = {
	};
	objectVersion = 50;
	objects = {

/* Begin PBXBuildFile section */
		BFE0F845239A8AE5008FC530 /* AppDelegate.swift in Sources */ = {isa = PBXBuildFile; fileRef = BFE0F844239A8AE5008FC530 /* AppDelegate.swift */; };
		BFE0F847239A8AE5008FC530 /* SceneDelegate.swift in Sources */ = {isa = PBXBuildFile; fileRef = BFE0F846239A8AE5008FC530 /* SceneDelegate.swift */; };
		BFE0F849239A8AE5008FC530 /* ViewController.swift in Sources */ = {isa = PBXBuildFile; fileRef = BFE0F848239A8AE5008FC530 /* ViewController.swift */; };
		BFE0F84C239A8AE5008FC530 /* Main.storyboard in Resources */ = {isa = PBXBuildFile; fileRef = BFE0F84A239A8AE5008FC530 /* Main.storyboard */; };
		BFE0F84E239A8AE7008FC530 /* Assets.xcassets in Resources */ = {isa = PBXBuildFile; fileRef = BFE0F84D239A8AE7008FC530 /* Assets.xcassets */; };
		BFE0F851239A8AE7008FC530 /* LaunchScreen.storyboard in Resources */ = {isa = PBXBuildFile; fileRef = BFE0F84F239A8AE7008FC530 /* LaunchScreen.storyboard */; };
		BFE0F859239A8B2D008FC530 /* AdaptiveScrollView.swift in Sources */ = {isa = PBXBuildFile; fileRef = BFE0F858239A8B2D008FC530 /* AdaptiveScrollView.swift */; };
/* End PBXBuildFile section */

/* Begin PBXFileReference section */
		BFE0F841239A8AE5008FC530 /* ch03.app */ = {isa = PBXFileReference; explicitFileType = wrapper.application; includeInIndex = 0; path = ch03.app; sourceTree = BUILT_PRODUCTS_DIR; };
		BFE0F844239A8AE5008FC530 /* AppDelegate.swift */ = {isa = PBXFileReference; lastKnownFileType = sourcecode.swift; path = AppDelegate.swift; sourceTree = "<group>"; };
		BFE0F846239A8AE5008FC530 /* SceneDelegate.swift */ = {isa = PBXFileReference; lastKnownFileType = sourcecode.swift; path = SceneDelegate.swift; sourceTree = "<group>"; };
		BFE0F848239A8AE5008FC530 /* ViewController.swift */ = {isa = PBXFileReference; lastKnownFileType = sourcecode.swift; path = ViewController.swift; sourceTree = "<group>"; };
		BFE0F84B239A8AE5008FC530 /* Base */ = {isa = PBXFileReference; lastKnownFileType = file.storyboard; name = Base; path = Base.lproj/Main.storyboard; sourceTree = "<group>"; };
		BFE0F84D239A8AE7008FC530 /* Assets.xcassets */ = {isa = PBXFileReference; lastKnownFileType = folder.assetcatalog; path = Assets.xcassets; sourceTree = "<group>"; };
		BFE0F850239A8AE7008FC530 /* Base */ = {isa = PBXFileReference; lastKnownFileType = file.storyboard; name = Base; path = Base.lproj/LaunchScreen.storyboard; sourceTree = "<group>"; };
		BFE0F852239A8AE7008FC530 /* Info.plist */ = {isa = PBXFileReference; lastKnownFileType = text.plist.xml; path = Info.plist; sourceTree = "<group>"; };
		BFE0F858239A8B2D008FC530 /* AdaptiveScrollView.swift */ = {isa = PBXFileReference; lastKnownFileType = sourcecode.swift; path = AdaptiveScrollView.swift; sourceTree = "<group>"; };
/* End PBXFileReference section */

/* Begin PBXFrameworksBuildPhase section */
		BFE0F83E239A8AE5008FC530 /* Frameworks */ = {
			isa = PBXFrameworksBuildPhase;
			buildActionMask = 2147483647;
			files = (
			);
			runOnlyForDeploymentPostprocessing = 0;
		};
/* End PBXFrameworksBuildPhase section */

/* Begin PBXGroup section */
		BFE0F838239A8AE5008FC530 = {
			isa = PBXGroup;
			children = (
				BFE0F843239A8AE5008FC530 /* ch03 */,
				BFE0F842239A8AE5008FC530 /* Products */,
			);
			sourceTree = "<group>";
		};
		BFE0F842239A8AE5008FC530 /* Products */ = {
			isa = PBXGroup;
			children = (
				BFE0F841239A8AE5008FC530 /* ch03.app */,
			);
			name = Products;
			sourceTree = "<group>";
		};
		BFE0F843239A8AE5008FC530 /* ch03 */ = {
			isa = PBXGroup;
			children = (
				BFE0F844239A8AE5008FC530 /* AppDelegate.swift */,
				BFE0F846239A8AE5008FC530 /* SceneDelegate.swift */,
				BFE0F848239A8AE5008FC530 /* ViewController.swift */,
				BFE0F858239A8B2D008FC530 /* AdaptiveScrollView.swift */,
				BFE0F84A239A8AE5008FC530 /* Main.storyboard */,
				BFE0F84D239A8AE7008FC530 /* Assets.xcassets */,
				BFE0F84F239A8AE7008FC530 /* LaunchScreen.storyboard */,
				BFE0F852239A8AE7008FC530 /* Info.plist */,
			);
			path = ch03;
			sourceTree = "<group>";
		};
/* End PBXGroup section */

/* Begin PBXNativeTarget section */
		BFE0F840239A8AE5008FC530 /* ch03 */ = {
			isa = PBXNativeTarget;
			buildConfigurationList = BFE0F855239A8AE7008FC530 /* Build configuration list for PBXNativeTarget "ch03" */;
			buildPhases = (
				BFE0F83D239A8AE5008FC530 /* Sources */,
				BFE0F83E239A8AE5008FC530 /* Frameworks */,
				BFE0F83F239A8AE5008FC530 /* Resources */,
			);
			buildRules = (
			);
			dependencies = (
			);
			name = ch03;
			productName = ch03;
			productReference = BFE0F841239A8AE5008FC530 /* ch03.app */;
			productType = "com.apple.product-type.application";
		};
/* End PBXNativeTarget section */

/* Begin PBXProject section */
		BFE0F839239A8AE5008FC530 /* Project object */ = {
			isa = PBXProject;
			attributes = {
				LastSwiftUpdateCheck = 1120;
				LastUpgradeCheck = 1120;
				ORGANIZATIONNAME = yuhua.cheng;
				TargetAttributes = {
					BFE0F840239A8AE5008FC530 = {
						CreatedOnToolsVersion = 11.2.1;
					};
				};
			};
			buildConfigurationList = BFE0F83C239A8AE5008FC530 /* Build configuration list for PBXProject "ch03" */;
			compatibilityVersion = "Xcode 9.3";
			developmentRegion = en;
			hasScannedForEncodings = 0;
			knownRegions = (
				en,
				Base,
			);
			mainGroup = BFE0F838239A8AE5008FC530;
			productRefGroup = BFE0F842239A8AE5008FC530 /* Products */;
			projectDirPath = "";
			projectRoot = "";
			targets = (
				BFE0F840239A8AE5008FC530 /* ch03 */,
			);
		};
/* End PBXProject section */

/* Begin PBXResourcesBuildPhase section */
		BFE0F83F239A8AE5008FC530 /* Resources */ = {
			isa = PBXResourcesBuildPhase;
			buildActionMask = 2147483647;
			files = (
				BFE0F851239A8AE7008FC530 /* LaunchScreen.storyboard in Resources */,
				BFE0F84E239A8AE7008FC530 /* Assets.xcassets in Resources */,
				BFE0F84C239A8AE5008FC530 /* Main.storyboard in Resources */,
			);
			runOnlyForDeploymentPostprocessing = 0;
		};
/* End PBXResourcesBuildPhase section */

/* Begin PBXSourcesBuildPhase section */
		BFE0F83D239A8AE5008FC530 /* Sources */ = {
			isa = PBXSourcesBuildPhase;
			buildActionMask = 2147483647;
			files = (
				BFE0F849239A8AE5008FC530 /* ViewController.swift in Sources */,
				BFE0F845239A8AE5008FC530 /* AppDelegate.swift in Sources */,
				BFE0F859239A8B2D008FC530 /* AdaptiveScrollView.swift in Sources */,
				BFE0F847239A8AE5008FC530 /* SceneDelegate.swift in Sources */,
			);
			runOnlyForDeploymentPostprocessing = 0;
		};
/* End PBXSourcesBuildPhase section */

/* Begin PBXVariantGroup section */
		BFE0F84A239A8AE5008FC530 /* Main.storyboard */ = {
			isa = PBXVariantGroup;
			children = (
				BFE0F84B239A8AE5008FC530 /* Base */,
			);
			name = Main.storyboard;
			sourceTree = "<group>";
		};
		BFE0F84F239A8AE7008FC530 /* LaunchScreen.storyboard */ = {
			isa = PBXVariantGroup;
			children = (
				BFE0F850239A8AE7008FC530 /* Base */,
			);
			name = LaunchScreen.storyboard;
			sourceTree = "<group>";
		};
/* End PBXVariantGroup section */

/* Begin XCBuildConfiguration section */
		BFE0F853239A8AE7008FC530 /* Debug */ = {
			isa = XCBuildConfiguration;
			buildSettings = {
				ALWAYS_SEARCH_USER_PATHS = NO;
				CLANG_ANALYZER_NONNULL = YES;
				CLANG_ANALYZER_NUMBER_OBJECT_CONVERSION = YES_AGGRESSIVE;
				CLANG_CXX_LANGUAGE_STANDARD = "gnu++14";
				CLANG_CXX_LIBRARY = "libc++";
				CLANG_ENABLE_MODULES = YES;
				CLANG_ENABLE_OBJC_ARC = YES;
				CLANG_ENABLE_OBJC_WEAK = YES;
				CLANG_WARN_BLOCK_CAPTURE_AUTORELEASING = YES;
				CLANG_WARN_BOOL_CONVERSION = YES;
				CLANG_WARN_COMMA = YES;
				CLANG_WARN_CONSTANT_CONVERSION = YES;
				CLANG_WARN_DEPRECATED_OBJC_IMPLEMENTATIONS = YES;
				CLANG_WARN_DIRECT_OBJC_ISA_USAGE = YES_ERROR;
				CLANG_WARN_DOCUMENTATION_COMMENTS = YES;
				CLANG_WARN_EMPTY_BODY = YES;
				CLANG_WARN_ENUM_CONVERSION = YES;
				CLANG_WARN_INFINITE_RECURSION = YES;
				CLANG_WARN_INT_CONVERSION = YES;
				CLANG_WARN_NON_LITERAL_NULL_CONVERSION = YES;
				CLANG_WARN_OBJC_IMPLICIT_RETAIN_SELF = YES;
				CLANG_WARN_OBJC_LITERAL_CONVERSION = YES;
				CLANG_WARN_OBJC_ROOT_CLASS = YES_ERROR;
				CLANG_WARN_RANGE_LOOP_ANALYSIS = YES;
				CLANG_WARN_STRICT_PROTOTYPES = YES;
				CLANG_WARN_SUSPICIOUS_MOVE = YES;
				CLANG_WARN_UNGUARDED_AVAILABILITY = YES_AGGRESSIVE;
				CLANG_WARN_UNREACHABLE_CODE = YES;
				CLANG_WARN__DUPLICATE_METHOD_MATCH = YES;
				COPY_PHASE_STRIP = NO;
				DEBUG_INFORMATION_FORMAT = dwarf;
				ENABLE_STRICT_OBJC_MSGSEND = YES;
				ENABLE_TESTABILITY = YES;
				GCC_C_LANGUAGE_STANDARD = gnu11;
				GCC_DYNAMIC_NO_PIC = NO;
				GCC_NO_COMMON_BLOCKS = YES;
				GCC_OPTIMIZATION_LEVEL = 0;
				GCC_PREPROCESSOR_DEFINITIONS = (
					"DEBUG=1",
					"$(inherited)",
				);
				GCC_WARN_64_TO_32_BIT_CONVERSION = YES;
				GCC_WARN_ABOUT_RETURN_TYPE = YES_ERROR;
				GCC_WARN_UNDECLARED_SELECTOR = YES;
				GCC_WARN_UNINITIALIZED_AUTOS = YES_AGGRESSIVE;
				GCC_WARN_UNUSED_FUNCTION = YES;
				GCC_WARN_UNUSED_VARIABLE = YES;
				IPHONEOS_DEPLOYMENT_TARGET = 13.2;
				MTL_ENABLE_DEBUG_INFO = INCLUDE_SOURCE;
				MTL_FAST_MATH = YES;
				ONLY_ACTIVE_ARCH = YES;
				SDKROOT = iphoneos;
				SWIFT_ACTIVE_COMPILATION_CONDITIONS = DEBUG;
				SWIFT_OPTIMIZATION_LEVEL = "-Onone";
			};
			name = Debug;
		};
		BFE0F854239A8AE7008FC530 /* Release */ = {
			isa = XCBuildConfiguration;
			buildSettings = {
				ALWAYS_SEARCH_USER_PATHS = NO;
				CLANG_ANALYZER_NONNULL = YES;
				CLANG_ANALYZER_NUMBER_OBJECT_CONVERSION = YES_AGGRESSIVE;
				CLANG_CXX_LANGUAGE_STANDARD = "gnu++14";
				CLANG_CXX_LIBRARY = "libc++";
				CLANG_ENABLE_MODULES = YES;
				CLANG_ENABLE_OBJC_ARC = YES;
				CLANG_ENABLE_OBJC_WEAK = YES;
				CLANG_WARN_BLOCK_CAPTURE_AUTORELEASING = YES;
				CLANG_WARN_BOOL_CONVERSION = YES;
				CLANG_WARN_COMMA = YES;
				CLANG_WARN_CONSTANT_CONVERSION = YES;
				CLANG_WARN_DEPRECATED_OBJC_IMPLEMENTATIONS = YES;
				CLANG_WARN_DIRECT_OBJC_ISA_USAGE = YES_ERROR;
				CLANG_WARN_DOCUMENTATION_COMMENTS = YES;
				CLANG_WARN_EMPTY_BODY = YES;
				CLANG_WARN_ENUM_CONVERSION = YES;
				CLANG_WARN_INFINITE_RECURSION = YES;
				CLANG_WARN_INT_CONVERSION = YES;
				CLANG_WARN_NON_LITERAL_NULL_CONVERSION = YES;
				CLANG_WARN_OBJC_IMPLICIT_RETAIN_SELF = YES;
				CLANG_WARN_OBJC_LITERAL_CONVERSION = YES;
				CLANG_WARN_OBJC_ROOT_CLASS = YES_ERROR;
				CLANG_WARN_RANGE_LOOP_ANALYSIS = YES;
				CLANG_WARN_STRICT_PROTOTYPES = YES;
				CLANG_WARN_SUSPICIOUS_MOVE = YES;
				CLANG_WARN_UNGUARDED_AVAILABILITY = YES_AGGRESSIVE;
				CLANG_WARN_UNREACHABLE_CODE = YES;
				CLANG_WARN__DUPLICATE_METHOD_MATCH = YES;
				COPY_PHASE_STRIP = NO;
				DEBUG_INFORMATION_FORMAT = "dwarf-with-dsym";
				ENABLE_NS_ASSERTIONS = NO;
				ENABLE_STRICT_OBJC_MSGSEND = YES;
				GCC_C_LANGUAGE_STANDARD = gnu11;
				GCC_NO_COMMON_BLOCKS = YES;
				GCC_WARN_64_TO_32_BIT_CONVERSION = YES;
				GCC_WARN_ABOUT_RETURN_TYPE = YES_ERROR;
				GCC_WARN_UNDECLARED_SELECTOR = YES;
				GCC_WARN_UNINITIALIZED_AUTOS = YES_AGGRESSIVE;
				GCC_WARN_UNUSED_FUNCTION = YES;
				GCC_WARN_UNUSED_VARIABLE = YES;
				IPHONEOS_DEPLOYMENT_TARGET = 13.2;
				MTL_ENABLE_DEBUG_INFO = NO;
				MTL_FAST_MATH = YES;
				SDKROOT = iphoneos;
				SWIFT_COMPILATION_MODE = wholemodule;
				SWIFT_OPTIMIZATION_LEVEL = "-O";
				VALIDATE_PRODUCT = YES;
			};
			name = Release;
		};
		BFE0F856239A8AE7008FC530 /* Debug */ = {
			isa = XCBuildConfiguration;
			buildSettings = {
				ASSETCATALOG_COMPILER_APPICON_NAME = AppIcon;
				CODE_SIGN_STYLE = Automatic;
				INFOPLIST_FILE = ch03/Info.plist;
				LD_RUNPATH_SEARCH_PATHS = (
					"$(inherited)",
					"@executable_path/Frameworks",
				);
				PRODUCT_BUNDLE_IDENTIFIER = yuhua.cheng.ihandysoft.ch03;
				PRODUCT_NAME = "$(TARGET_NAME)";
				SWIFT_VERSION = 5.0;
				TARGETED_DEVICE_FAMILY = "1,2";
			};
			name = Debug;
		};
		BFE0F857239A8AE7008FC530 /* Release */ = {
			isa = XCBuildConfiguration;
			buildSettings = {
				ASSETCATALOG_COMPILER_APPICON_NAME = AppIcon;
				CODE_SIGN_STYLE = Automatic;
				INFOPLIST_FILE = ch03/Info.plist;
				LD_RUNPATH_SEARCH_PATHS = (
					"$(inherited)",
					"@executable_path/Frameworks",
				);
				PRODUCT_BUNDLE_IDENTIFIER = yuhua.cheng.ihandysoft.ch03;
				PRODUCT_NAME = "$(TARGET_NAME)";
				SWIFT_VERSION = 5.0;
				TARGETED_DEVICE_FAMILY = "1,2";
			};
			name = Release;
		};
/* End XCBuildConfiguration section */

/* Begin XCConfigurationList section */
		BFE0F83C239A8AE5008FC530 /* Build configuration list for PBXProject "ch03" */ = {
			isa = XCConfigurationList;
			buildConfigurations = (
				BFE0F853239A8AE7008FC530 /* Debug */,
				BFE0F854239A8AE7008FC530 /* Release */,
			);
			defaultConfigurationIsVisible = 0;
			defaultConfigurationName = Release;
		};
		BFE0F855239A8AE7008FC530 /* Build configuration list for PBXNativeTarget "ch03" */ = {
			isa = XCConfigurationList;
			buildConfigurations = (
				BFE0F856239A8AE7008FC530 /* Debug */,
				BFE0F857239A8AE7008FC530 /* Release */,
			);
			defaultConfigurationIsVisible = 0;
			defaultConfigurationName = Release;
		};
/* End XCConfigurationList section */
	};
	rootObject = BFE0F839239A8AE5008FC530 /* Project object */;
}
