// !$*UTF8*$!
{
	archiveVersion = 1;
	classes = {
	};
	objectVersion = 50;
	objects = {

/* Begin PBXBuildFile section */
		BFAD7826239A5FD500A58564 /* AppDelegate.swift in Sources */ = {isa = PBXBuildFile; fileRef = BFAD7825239A5FD500A58564 /* AppDelegate.swift */; };
		BFAD7828239A5FD500A58564 /* SceneDelegate.swift in Sources */ = {isa = PBXBuildFile; fileRef = BFAD7827239A5FD500A58564 /* SceneDelegate.swift */; };
		BFAD782A239A5FD500A58564 /* ViewController.swift in Sources */ = {isa = PBXBuildFile; fileRef = BFAD7829239A5FD500A58564 /* ViewController.swift */; };
		BFAD782D239A5FD500A58564 /* Main.storyboard in Resources */ = {isa = PBXBuildFile; fileRef = BFAD782B239A5FD500A58564 /* Main.storyboard */; };
		BFAD782F239A5FD600A58564 /* Assets.xcassets in Resources */ = {isa = PBXBuildFile; fileRef = BFAD782E239A5FD600A58564 /* Assets.xcassets */; };
		BFAD7832239A5FD600A58564 /* LaunchScreen.storyboard in Resources */ = {isa = PBXBuildFile; fileRef = BFAD7830239A5FD600A58564 /* LaunchScreen.storyboard */; };
		BFAD783A239A619700A58564 /* ActivityView.swift in Sources */ = {isa = PBXBuildFile; fileRef = BFAD7839239A619700A58564 /* ActivityView.swift */; };
		BFAD783C239A61BD00A58564 /* AdaptiveScrollView.swift in Sources */ = {isa = PBXBuildFile; fileRef = BFAD783B239A61BD00A58564 /* AdaptiveScrollView.swift */; };
/* End PBXBuildFile section */

/* Begin PBXFileReference section */
		BFAD7822239A5FD500A58564 /* ScrollView-v5.app */ = {isa = PBXFileReference; explicitFileType = wrapper.application; includeInIndex = 0; path = "ScrollView-v5.app"; sourceTree = BUILT_PRODUCTS_DIR; };
		BFAD7825239A5FD500A58564 /* AppDelegate.swift */ = {isa = PBXFileReference; lastKnownFileType = sourcecode.swift; path = AppDelegate.swift; sourceTree = "<group>"; };
		BFAD7827239A5FD500A58564 /* SceneDelegate.swift */ = {isa = PBXFileReference; lastKnownFileType = sourcecode.swift; path = SceneDelegate.swift; sourceTree = "<group>"; };
		BFAD7829239A5FD500A58564 /* ViewController.swift */ = {isa = PBXFileReference; lastKnownFileType = sourcecode.swift; path = ViewController.swift; sourceTree = "<group>"; };
		BFAD782C239A5FD500A58564 /* Base */ = {isa = PBXFileReference; lastKnownFileType = file.storyboard; name = Base; path = Base.lproj/Main.storyboard; sourceTree = "<group>"; };
		BFAD782E239A5FD600A58564 /* Assets.xcassets */ = {isa = PBXFileReference; lastKnownFileType = folder.assetcatalog; path = Assets.xcassets; sourceTree = "<group>"; };
		BFAD7831239A5FD600A58564 /* Base */ = {isa = PBXFileReference; lastKnownFileType = file.storyboard; name = Base; path = Base.lproj/LaunchScreen.storyboard; sourceTree = "<group>"; };
		BFAD7833239A5FD600A58564 /* Info.plist */ = {isa = PBXFileReference; lastKnownFileType = text.plist.xml; path = Info.plist; sourceTree = "<group>"; };
		BFAD7839239A619700A58564 /* ActivityView.swift */ = {isa = PBXFileReference; lastKnownFileType = sourcecode.swift; path = ActivityView.swift; sourceTree = "<group>"; };
		BFAD783B239A61BD00A58564 /* AdaptiveScrollView.swift */ = {isa = PBXFileReference; lastKnownFileType = sourcecode.swift; path = AdaptiveScrollView.swift; sourceTree = "<group>"; };
/* End PBXFileReference section */

/* Begin PBXFrameworksBuildPhase section */
		BFAD781F239A5FD500A58564 /* Frameworks */ = {
			isa = PBXFrameworksBuildPhase;
			buildActionMask = 2147483647;
			files = (
			);
			runOnlyForDeploymentPostprocessing = 0;
		};
/* End PBXFrameworksBuildPhase section */

/* Begin PBXGroup section */
		BFAD7819239A5FD400A58564 = {
			isa = PBXGroup;
			children = (
				BFAD7824239A5FD500A58564 /* ScrollView-v5 */,
				BFAD7823239A5FD500A58564 /* Products */,
			);
			sourceTree = "<group>";
		};
		BFAD7823239A5FD500A58564 /* Products */ = {
			isa = PBXGroup;
			children = (
				BFAD7822239A5FD500A58564 /* ScrollView-v5.app */,
			);
			name = Products;
			sourceTree = "<group>";
		};
		BFAD7824239A5FD500A58564 /* ScrollView-v5 */ = {
			isa = PBXGroup;
			children = (
				BFAD7825239A5FD500A58564 /* AppDelegate.swift */,
				BFAD7827239A5FD500A58564 /* SceneDelegate.swift */,
				BFAD7829239A5FD500A58564 /* ViewController.swift */,
				BFAD7839239A619700A58564 /* ActivityView.swift */,
				BFAD783B239A61BD00A58564 /* AdaptiveScrollView.swift */,
				BFAD782B239A5FD500A58564 /* Main.storyboard */,
				BFAD782E239A5FD600A58564 /* Assets.xcassets */,
				BFAD7830239A5FD600A58564 /* LaunchScreen.storyboard */,
				BFAD7833239A5FD600A58564 /* Info.plist */,
			);
			path = "ScrollView-v5";
			sourceTree = "<group>";
		};
/* End PBXGroup section */

/* Begin PBXNativeTarget section */
		BFAD7821239A5FD500A58564 /* ScrollView-v5 */ = {
			isa = PBXNativeTarget;
			buildConfigurationList = BFAD7836239A5FD600A58564 /* Build configuration list for PBXNativeTarget "ScrollView-v5" */;
			buildPhases = (
				BFAD781E239A5FD500A58564 /* Sources */,
				BFAD781F239A5FD500A58564 /* Frameworks */,
				BFAD7820239A5FD500A58564 /* Resources */,
			);
			buildRules = (
			);
			dependencies = (
			);
			name = "ScrollView-v5";
			productName = "ScrollView-v5";
			productReference = BFAD7822239A5FD500A58564 /* ScrollView-v5.app */;
			productType = "com.apple.product-type.application";
		};
/* End PBXNativeTarget section */

/* Begin PBXProject section */
		BFAD781A239A5FD400A58564 /* Project object */ = {
			isa = PBXProject;
			attributes = {
				LastSwiftUpdateCheck = 1120;
				LastUpgradeCheck = 1120;
				ORGANIZATIONNAME = yuhua.cheng;
				TargetAttributes = {
					BFAD7821239A5FD500A58564 = {
						CreatedOnToolsVersion = 11.2.1;
					};
				};
			};
			buildConfigurationList = BFAD781D239A5FD400A58564 /* Build configuration list for PBXProject "ScrollView-v5" */;
			compatibilityVersion = "Xcode 9.3";
			developmentRegion = en;
			hasScannedForEncodings = 0;
			knownRegions = (
				en,
				Base,
			);
			mainGroup = BFAD7819239A5FD400A58564;
			productRefGroup = BFAD7823239A5FD500A58564 /* Products */;
			projectDirPath = "";
			projectRoot = "";
			targets = (
				BFAD7821239A5FD500A58564 /* ScrollView-v5 */,
			);
		};
/* End PBXProject section */

/* Begin PBXResourcesBuildPhase section */
		BFAD7820239A5FD500A58564 /* Resources */ = {
			isa = PBXResourcesBuildPhase;
			buildActionMask = 2147483647;
			files = (
				BFAD7832239A5FD600A58564 /* LaunchScreen.storyboard in Resources */,
				BFAD782F239A5FD600A58564 /* Assets.xcassets in Resources */,
				BFAD782D239A5FD500A58564 /* Main.storyboard in Resources */,
			);
			runOnlyForDeploymentPostprocessing = 0;
		};
/* End PBXResourcesBuildPhase section */

/* Begin PBXSourcesBuildPhase section */
		BFAD781E239A5FD500A58564 /* Sources */ = {
			isa = PBXSourcesBuildPhase;
			buildActionMask = 2147483647;
			files = (
				BFAD782A239A5FD500A58564 /* ViewController.swift in Sources */,
				BFAD783A239A619700A58564 /* ActivityView.swift in Sources */,
				BFAD783C239A61BD00A58564 /* AdaptiveScrollView.swift in Sources */,
				BFAD7826239A5FD500A58564 /* AppDelegate.swift in Sources */,
				BFAD7828239A5FD500A58564 /* SceneDelegate.swift in Sources */,
			);
			runOnlyForDeploymentPostprocessing = 0;
		};
/* End PBXSourcesBuildPhase section */

/* Begin PBXVariantGroup section */
		BFAD782B239A5FD500A58564 /* Main.storyboard */ = {
			isa = PBXVariantGroup;
			children = (
				BFAD782C239A5FD500A58564 /* Base */,
			);
			name = Main.storyboard;
			sourceTree = "<group>";
		};
		BFAD7830239A5FD600A58564 /* LaunchScreen.storyboard */ = {
			isa = PBXVariantGroup;
			children = (
				BFAD7831239A5FD600A58564 /* Base */,
			);
			name = LaunchScreen.storyboard;
			sourceTree = "<group>";
		};
/* End PBXVariantGroup section */

/* Begin XCBuildConfiguration section */
		BFAD7834239A5FD600A58564 /* Debug */ = {
			isa = XCBuildConfiguration;
			buildSettings = {
				ALWAYS_SEARCH_USER_PATHS = NO;
				CLANG_ANALYZER_NONNULL = YES;
				CLANG_ANALYZER_NUMBER_OBJECT_CONVERSION = YES_AGGRESSIVE;
				CLANG_CXX_LANGUAGE_STANDARD = "gnu++14";
				CLANG_CXX_LIBRARY = "libc++";
				CLANG_ENABLE_MODULES = YES;
				CLANG_ENABLE_OBJC_ARC = YES;
				CLANG_ENABLE_OBJC_WEAK = YES;
				CLANG_WARN_BLOCK_CAPTURE_AUTORELEASING = YES;
				CLANG_WARN_BOOL_CONVERSION = YES;
				CLANG_WARN_COMMA = YES;
				CLANG_WARN_CONSTANT_CONVERSION = YES;
				CLANG_WARN_DEPRECATED_OBJC_IMPLEMENTATIONS = YES;
				CLANG_WARN_DIRECT_OBJC_ISA_USAGE = YES_ERROR;
				CLANG_WARN_DOCUMENTATION_COMMENTS = YES;
				CLANG_WARN_EMPTY_BODY = YES;
				CLANG_WARN_ENUM_CONVERSION = YES;
				CLANG_WARN_INFINITE_RECURSION = YES;
				CLANG_WARN_INT_CONVERSION = YES;
				CLANG_WARN_NON_LITERAL_NULL_CONVERSION = YES;
				CLANG_WARN_OBJC_IMPLICIT_RETAIN_SELF = YES;
				CLANG_WARN_OBJC_LITERAL_CONVERSION = YES;
				CLANG_WARN_OBJC_ROOT_CLASS = YES_ERROR;
				CLANG_WARN_RANGE_LOOP_ANALYSIS = YES;
				CLANG_WARN_STRICT_PROTOTYPES = YES;
				CLANG_WARN_SUSPICIOUS_MOVE = YES;
				CLANG_WARN_UNGUARDED_AVAILABILITY = YES_AGGRESSIVE;
				CLANG_WARN_UNREACHABLE_CODE = YES;
				CLANG_WARN__DUPLICATE_METHOD_MATCH = YES;
				COPY_PHASE_STRIP = NO;
				DEBUG_INFORMATION_FORMAT = dwarf;
				ENABLE_STRICT_OBJC_MSGSEND = YES;
				ENABLE_TESTABILITY = YES;
				GCC_C_LANGUAGE_STANDARD = gnu11;
				GCC_DYNAMIC_NO_PIC = NO;
				GCC_NO_COMMON_BLOCKS = YES;
				GCC_OPTIMIZATION_LEVEL = 0;
				GCC_PREPROCESSOR_DEFINITIONS = (
					"DEBUG=1",
					"$(inherited)",
				);
				GCC_WARN_64_TO_32_BIT_CONVERSION = YES;
				GCC_WARN_ABOUT_RETURN_TYPE = YES_ERROR;
				GCC_WARN_UNDECLARED_SELECTOR = YES;
				GCC_WARN_UNINITIALIZED_AUTOS = YES_AGGRESSIVE;
				GCC_WARN_UNUSED_FUNCTION = YES;
				GCC_WARN_UNUSED_VARIABLE = YES;
				IPHONEOS_DEPLOYMENT_TARGET = 13.2;
				MTL_ENABLE_DEBUG_INFO = INCLUDE_SOURCE;
				MTL_FAST_MATH = YES;
				ONLY_ACTIVE_ARCH = YES;
				SDKROOT = iphoneos;
				SWIFT_ACTIVE_COMPILATION_CONDITIONS = DEBUG;
				SWIFT_OPTIMIZATION_LEVEL = "-Onone";
			};
			name = Debug;
		};
		BFAD7835239A5FD600A58564 /* Release */ = {
			isa = XCBuildConfiguration;
			buildSettings = {
				ALWAYS_SEARCH_USER_PATHS = NO;
				CLANG_ANALYZER_NONNULL = YES;
				CLANG_ANALYZER_NUMBER_OBJECT_CONVERSION = YES_AGGRESSIVE;
				CLANG_CXX_LANGUAGE_STANDARD = "gnu++14";
				CLANG_CXX_LIBRARY = "libc++";
				CLANG_ENABLE_MODULES = YES;
				CLANG_ENABLE_OBJC_ARC = YES;
				CLANG_ENABLE_OBJC_WEAK = YES;
				CLANG_WARN_BLOCK_CAPTURE_AUTORELEASING = YES;
				CLANG_WARN_BOOL_CONVERSION = YES;
				CLANG_WARN_COMMA = YES;
				CLANG_WARN_CONSTANT_CONVERSION = YES;
				CLANG_WARN_DEPRECATED_OBJC_IMPLEMENTATIONS = YES;
				CLANG_WARN_DIRECT_OBJC_ISA_USAGE = YES_ERROR;
				CLANG_WARN_DOCUMENTATION_COMMENTS = YES;
				CLANG_WARN_EMPTY_BODY = YES;
				CLANG_WARN_ENUM_CONVERSION = YES;
				CLANG_WARN_INFINITE_RECURSION = YES;
				CLANG_WARN_INT_CONVERSION = YES;
				CLANG_WARN_NON_LITERAL_NULL_CONVERSION = YES;
				CLANG_WARN_OBJC_IMPLICIT_RETAIN_SELF = YES;
				CLANG_WARN_OBJC_LITERAL_CONVERSION = YES;
				CLANG_WARN_OBJC_ROOT_CLASS = YES_ERROR;
				CLANG_WARN_RANGE_LOOP_ANALYSIS = YES;
				CLANG_WARN_STRICT_PROTOTYPES = YES;
				CLANG_WARN_SUSPICIOUS_MOVE = YES;
				CLANG_WARN_UNGUARDED_AVAILABILITY = YES_AGGRESSIVE;
				CLANG_WARN_UNREACHABLE_CODE = YES;
				CLANG_WARN__DUPLICATE_METHOD_MATCH = YES;
				COPY_PHASE_STRIP = NO;
				DEBUG_INFORMATION_FORMAT = "dwarf-with-dsym";
				ENABLE_NS_ASSERTIONS = NO;
				ENABLE_STRICT_OBJC_MSGSEND = YES;
				GCC_C_LANGUAGE_STANDARD = gnu11;
				GCC_NO_COMMON_BLOCKS = YES;
				GCC_WARN_64_TO_32_BIT_CONVERSION = YES;
				GCC_WARN_ABOUT_RETURN_TYPE = YES_ERROR;
				GCC_WARN_UNDECLARED_SELECTOR = YES;
				GCC_WARN_UNINITIALIZED_AUTOS = YES_AGGRESSIVE;
				GCC_WARN_UNUSED_FUNCTION = YES;
				GCC_WARN_UNUSED_VARIABLE = YES;
				IPHONEOS_DEPLOYMENT_TARGET = 13.2;
				MTL_ENABLE_DEBUG_INFO = NO;
				MTL_FAST_MATH = YES;
				SDKROOT = iphoneos;
				SWIFT_COMPILATION_MODE = wholemodule;
				SWIFT_OPTIMIZATION_LEVEL = "-O";
				VALIDATE_PRODUCT = YES;
			};
			name = Release;
		};
		BFAD7837239A5FD600A58564 /* Debug */ = {
			isa = XCBuildConfiguration;
			buildSettings = {
				ASSETCATALOG_COMPILER_APPICON_NAME = AppIcon;
				CODE_SIGN_STYLE = Automatic;
				INFOPLIST_FILE = "ScrollView-v5/Info.plist";
				LD_RUNPATH_SEARCH_PATHS = (
					"$(inherited)",
					"@executable_path/Frameworks",
				);
				PRODUCT_BUNDLE_IDENTIFIER = "yuhua.cheng.ihandysoft.ScrollView-v5";
				PRODUCT_NAME = "$(TARGET_NAME)";
				SWIFT_VERSION = 5.0;
				TARGETED_DEVICE_FAMILY = "1,2";
			};
			name = Debug;
		};
		BFAD7838239A5FD600A58564 /* Release */ = {
			isa = XCBuildConfiguration;
			buildSettings = {
				ASSETCATALOG_COMPILER_APPICON_NAME = AppIcon;
				CODE_SIGN_STYLE = Automatic;
				INFOPLIST_FILE = "ScrollView-v5/Info.plist";
				LD_RUNPATH_SEARCH_PATHS = (
					"$(inherited)",
					"@executable_path/Frameworks",
				);
				PRODUCT_BUNDLE_IDENTIFIER = "yuhua.cheng.ihandysoft.ScrollView-v5";
				PRODUCT_NAME = "$(TARGET_NAME)";
				SWIFT_VERSION = 5.0;
				TARGETED_DEVICE_FAMILY = "1,2";
			};
			name = Release;
		};
/* End XCBuildConfiguration section */

/* Begin XCConfigurationList section */
		BFAD781D239A5FD400A58564 /* Build configuration list for PBXProject "ScrollView-v5" */ = {
			isa = XCConfigurationList;
			buildConfigurations = (
				BFAD7834239A5FD600A58564 /* Debug */,
				BFAD7835239A5FD600A58564 /* Release */,
			);
			defaultConfigurationIsVisible = 0;
			defaultConfigurationName = Release;
		};
		BFAD7836239A5FD600A58564 /* Build configuration list for PBXNativeTarget "ScrollView-v5" */ = {
			isa = XCConfigurationList;
			buildConfigurations = (
				BFAD7837239A5FD600A58564 /* Debug */,
				BFAD7838239A5FD600A58564 /* Release */,
			);
			defaultConfigurationIsVisible = 0;
			defaultConfigurationName = Release;
		};
/* End XCConfigurationList section */
	};
	rootObject = BFAD781A239A5FD400A58564 /* Project object */;
}
