// !$*UTF8*$!
{
	archiveVersion = 1;
	classes = {
	};
	objectVersion = 50;
	objects = {

/* Begin PBXBuildFile section */
		BF74AFB82363363E00E35E64 /* AppDelegate.swift in Sources */ = {isa = PBXBuildFile; fileRef = BF74AFB72363363E00E35E64 /* AppDelegate.swift */; };
		BF74AFBA2363363E00E35E64 /* SceneDelegate.swift in Sources */ = {isa = PBXBuildFile; fileRef = BF74AFB92363363E00E35E64 /* SceneDelegate.swift */; };
		BF74AFBC2363363E00E35E64 /* ViewController.swift in Sources */ = {isa = PBXBuildFile; fileRef = BF74AFBB2363363E00E35E64 /* ViewController.swift */; };
		BF74AFBF2363363E00E35E64 /* Main.storyboard in Resources */ = {isa = PBXBuildFile; fileRef = BF74AFBD2363363E00E35E64 /* Main.storyboard */; };
		BF74AFC12363363F00E35E64 /* Assets.xcassets in Resources */ = {isa = PBXBuildFile; fileRef = BF74AFC02363363F00E35E64 /* Assets.xcassets */; };
		BF74AFC42363363F00E35E64 /* LaunchScreen.storyboard in Resources */ = {isa = PBXBuildFile; fileRef = BF74AFC22363363F00E35E64 /* LaunchScreen.storyboard */; };
		BF74AFCC2363377E00E35E64 /* PersonCell.swift in Sources */ = {isa = PBXBuildFile; fileRef = BF74AFCB2363377E00E35E64 /* PersonCell.swift */; };
		BF74AFCE236338BF00E35E64 /* wild-cover.JPG in Resources */ = {isa = PBXBuildFile; fileRef = BF74AFCD236338BF00E35E64 /* wild-cover.JPG */; };
		BF74AFD023633DCD00E35E64 /* Person.swift in Sources */ = {isa = PBXBuildFile; fileRef = BF74AFCF23633DCD00E35E64 /* Person.swift */; };
/* End PBXBuildFile section */

/* Begin PBXFileReference section */
		BF74AFB42363363E00E35E64 /* Project10.app */ = {isa = PBXFileReference; explicitFileType = wrapper.application; includeInIndex = 0; path = Project10.app; sourceTree = BUILT_PRODUCTS_DIR; };
		BF74AFB72363363E00E35E64 /* AppDelegate.swift */ = {isa = PBXFileReference; lastKnownFileType = sourcecode.swift; path = AppDelegate.swift; sourceTree = "<group>"; };
		BF74AFB92363363E00E35E64 /* SceneDelegate.swift */ = {isa = PBXFileReference; lastKnownFileType = sourcecode.swift; path = SceneDelegate.swift; sourceTree = "<group>"; };
		BF74AFBB2363363E00E35E64 /* ViewController.swift */ = {isa = PBXFileReference; lastKnownFileType = sourcecode.swift; path = ViewController.swift; sourceTree = "<group>"; };
		BF74AFBE2363363E00E35E64 /* Base */ = {isa = PBXFileReference; lastKnownFileType = file.storyboard; name = Base; path = Base.lproj/Main.storyboard; sourceTree = "<group>"; };
		BF74AFC02363363F00E35E64 /* Assets.xcassets */ = {isa = PBXFileReference; lastKnownFileType = folder.assetcatalog; path = Assets.xcassets; sourceTree = "<group>"; };
		BF74AFC32363363F00E35E64 /* Base */ = {isa = PBXFileReference; lastKnownFileType = file.storyboard; name = Base; path = Base.lproj/LaunchScreen.storyboard; sourceTree = "<group>"; };
		BF74AFC52363363F00E35E64 /* Info.plist */ = {isa = PBXFileReference; lastKnownFileType = text.plist.xml; path = Info.plist; sourceTree = "<group>"; };
		BF74AFCB2363377E00E35E64 /* PersonCell.swift */ = {isa = PBXFileReference; lastKnownFileType = sourcecode.swift; path = PersonCell.swift; sourceTree = "<group>"; };
		BF74AFCD236338BF00E35E64 /* wild-cover.JPG */ = {isa = PBXFileReference; lastKnownFileType = image.jpeg; path = "wild-cover.JPG"; sourceTree = "<group>"; };
		BF74AFCF23633DCD00E35E64 /* Person.swift */ = {isa = PBXFileReference; lastKnownFileType = sourcecode.swift; path = Person.swift; sourceTree = "<group>"; };
/* End PBXFileReference section */

/* Begin PBXFrameworksBuildPhase section */
		BF74AFB12363363E00E35E64 /* Frameworks */ = {
			isa = PBXFrameworksBuildPhase;
			buildActionMask = 2147483647;
			files = (
			);
			runOnlyForDeploymentPostprocessing = 0;
		};
/* End PBXFrameworksBuildPhase section */

/* Begin PBXGroup section */
		BF74AFAB2363363E00E35E64 = {
			isa = PBXGroup;
			children = (
				BF74AFB62363363E00E35E64 /* Project10 */,
				BF74AFB52363363E00E35E64 /* Products */,
			);
			sourceTree = "<group>";
		};
		BF74AFB52363363E00E35E64 /* Products */ = {
			isa = PBXGroup;
			children = (
				BF74AFB42363363E00E35E64 /* Project10.app */,
			);
			name = Products;
			sourceTree = "<group>";
		};
		BF74AFB62363363E00E35E64 /* Project10 */ = {
			isa = PBXGroup;
			children = (
				BF74AFCD236338BF00E35E64 /* wild-cover.JPG */,
				BF74AFB72363363E00E35E64 /* AppDelegate.swift */,
				BF74AFCF23633DCD00E35E64 /* Person.swift */,
				BF74AFB92363363E00E35E64 /* SceneDelegate.swift */,
				BF74AFBB2363363E00E35E64 /* ViewController.swift */,
				BF74AFBD2363363E00E35E64 /* Main.storyboard */,
				BF74AFCB2363377E00E35E64 /* PersonCell.swift */,
				BF74AFC02363363F00E35E64 /* Assets.xcassets */,
				BF74AFC22363363F00E35E64 /* LaunchScreen.storyboard */,
				BF74AFC52363363F00E35E64 /* Info.plist */,
			);
			path = Project10;
			sourceTree = "<group>";
		};
/* End PBXGroup section */

/* Begin PBXNativeTarget section */
		BF74AFB32363363E00E35E64 /* Project10 */ = {
			isa = PBXNativeTarget;
			buildConfigurationList = BF74AFC82363363F00E35E64 /* Build configuration list for PBXNativeTarget "Project10" */;
			buildPhases = (
				BF74AFB02363363E00E35E64 /* Sources */,
				BF74AFB12363363E00E35E64 /* Frameworks */,
				BF74AFB22363363E00E35E64 /* Resources */,
			);
			buildRules = (
			);
			dependencies = (
			);
			name = Project10;
			productName = Project10;
			productReference = BF74AFB42363363E00E35E64 /* Project10.app */;
			productType = "com.apple.product-type.application";
		};
/* End PBXNativeTarget section */

/* Begin PBXProject section */
		BF74AFAC2363363E00E35E64 /* Project object */ = {
			isa = PBXProject;
			attributes = {
				LastSwiftUpdateCheck = 1100;
				LastUpgradeCheck = 1100;
				ORGANIZATIONNAME = yuhua.cheng.ihandysoft;
				TargetAttributes = {
					BF74AFB32363363E00E35E64 = {
						CreatedOnToolsVersion = 11.0;
					};
				};
			};
			buildConfigurationList = BF74AFAF2363363E00E35E64 /* Build configuration list for PBXProject "Project10" */;
			compatibilityVersion = "Xcode 9.3";
			developmentRegion = en;
			hasScannedForEncodings = 0;
			knownRegions = (
				en,
				Base,
			);
			mainGroup = BF74AFAB2363363E00E35E64;
			productRefGroup = BF74AFB52363363E00E35E64 /* Products */;
			projectDirPath = "";
			projectRoot = "";
			targets = (
				BF74AFB32363363E00E35E64 /* Project10 */,
			);
		};
/* End PBXProject section */

/* Begin PBXResourcesBuildPhase section */
		BF74AFB22363363E00E35E64 /* Resources */ = {
			isa = PBXResourcesBuildPhase;
			buildActionMask = 2147483647;
			files = (
				BF74AFC42363363F00E35E64 /* LaunchScreen.storyboard in Resources */,
				BF74AFCE236338BF00E35E64 /* wild-cover.JPG in Resources */,
				BF74AFC12363363F00E35E64 /* Assets.xcassets in Resources */,
				BF74AFBF2363363E00E35E64 /* Main.storyboard in Resources */,
			);
			runOnlyForDeploymentPostprocessing = 0;
		};
/* End PBXResourcesBuildPhase section */

/* Begin PBXSourcesBuildPhase section */
		BF74AFB02363363E00E35E64 /* Sources */ = {
			isa = PBXSourcesBuildPhase;
			buildActionMask = 2147483647;
			files = (
				BF74AFD023633DCD00E35E64 /* Person.swift in Sources */,
				BF74AFBC2363363E00E35E64 /* ViewController.swift in Sources */,
				BF74AFB82363363E00E35E64 /* AppDelegate.swift in Sources */,
				BF74AFCC2363377E00E35E64 /* PersonCell.swift in Sources */,
				BF74AFBA2363363E00E35E64 /* SceneDelegate.swift in Sources */,
			);
			runOnlyForDeploymentPostprocessing = 0;
		};
/* End PBXSourcesBuildPhase section */

/* Begin PBXVariantGroup section */
		BF74AFBD2363363E00E35E64 /* Main.storyboard */ = {
			isa = PBXVariantGroup;
			children = (
				BF74AFBE2363363E00E35E64 /* Base */,
			);
			name = Main.storyboard;
			sourceTree = "<group>";
		};
		BF74AFC22363363F00E35E64 /* LaunchScreen.storyboard */ = {
			isa = PBXVariantGroup;
			children = (
				BF74AFC32363363F00E35E64 /* Base */,
			);
			name = LaunchScreen.storyboard;
			sourceTree = "<group>";
		};
/* End PBXVariantGroup section */

/* Begin XCBuildConfiguration section */
		BF74AFC62363363F00E35E64 /* Debug */ = {
			isa = XCBuildConfiguration;
			buildSettings = {
				ALWAYS_SEARCH_USER_PATHS = NO;
				CLANG_ANALYZER_NONNULL = YES;
				CLANG_ANALYZER_NUMBER_OBJECT_CONVERSION = YES_AGGRESSIVE;
				CLANG_CXX_LANGUAGE_STANDARD = "gnu++14";
				CLANG_CXX_LIBRARY = "libc++";
				CLANG_ENABLE_MODULES = YES;
				CLANG_ENABLE_OBJC_ARC = YES;
				CLANG_ENABLE_OBJC_WEAK = YES;
				CLANG_WARN_BLOCK_CAPTURE_AUTORELEASING = YES;
				CLANG_WARN_BOOL_CONVERSION = YES;
				CLANG_WARN_COMMA = YES;
				CLANG_WARN_CONSTANT_CONVERSION = YES;
				CLANG_WARN_DEPRECATED_OBJC_IMPLEMENTATIONS = YES;
				CLANG_WARN_DIRECT_OBJC_ISA_USAGE = YES_ERROR;
				CLANG_WARN_DOCUMENTATION_COMMENTS = YES;
				CLANG_WARN_EMPTY_BODY = YES;
				CLANG_WARN_ENUM_CONVERSION = YES;
				CLANG_WARN_INFINITE_RECURSION = YES;
				CLANG_WARN_INT_CONVERSION = YES;
				CLANG_WARN_NON_LITERAL_NULL_CONVERSION = YES;
				CLANG_WARN_OBJC_IMPLICIT_RETAIN_SELF = YES;
				CLANG_WARN_OBJC_LITERAL_CONVERSION = YES;
				CLANG_WARN_OBJC_ROOT_CLASS = YES_ERROR;
				CLANG_WARN_RANGE_LOOP_ANALYSIS = YES;
				CLANG_WARN_STRICT_PROTOTYPES = YES;
				CLANG_WARN_SUSPICIOUS_MOVE = YES;
				CLANG_WARN_UNGUARDED_AVAILABILITY = YES_AGGRESSIVE;
				CLANG_WARN_UNREACHABLE_CODE = YES;
				CLANG_WARN__DUPLICATE_METHOD_MATCH = YES;
				COPY_PHASE_STRIP = NO;
				DEBUG_INFORMATION_FORMAT = dwarf;
				ENABLE_STRICT_OBJC_MSGSEND = YES;
				ENABLE_TESTABILITY = YES;
				GCC_C_LANGUAGE_STANDARD = gnu11;
				GCC_DYNAMIC_NO_PIC = NO;
				GCC_NO_COMMON_BLOCKS = YES;
				GCC_OPTIMIZATION_LEVEL = 0;
				GCC_PREPROCESSOR_DEFINITIONS = (
					"DEBUG=1",
					"$(inherited)",
				);
				GCC_WARN_64_TO_32_BIT_CONVERSION = YES;
				GCC_WARN_ABOUT_RETURN_TYPE = YES_ERROR;
				GCC_WARN_UNDECLARED_SELECTOR = YES;
				GCC_WARN_UNINITIALIZED_AUTOS = YES_AGGRESSIVE;
				GCC_WARN_UNUSED_FUNCTION = YES;
				GCC_WARN_UNUSED_VARIABLE = YES;
				IPHONEOS_DEPLOYMENT_TARGET = 13.0;
				MTL_ENABLE_DEBUG_INFO = INCLUDE_SOURCE;
				MTL_FAST_MATH = YES;
				ONLY_ACTIVE_ARCH = YES;
				SDKROOT = iphoneos;
				SWIFT_ACTIVE_COMPILATION_CONDITIONS = DEBUG;
				SWIFT_OPTIMIZATION_LEVEL = "-Onone";
			};
			name = Debug;
		};
		BF74AFC72363363F00E35E64 /* Release */ = {
			isa = XCBuildConfiguration;
			buildSettings = {
				ALWAYS_SEARCH_USER_PATHS = NO;
				CLANG_ANALYZER_NONNULL = YES;
				CLANG_ANALYZER_NUMBER_OBJECT_CONVERSION = YES_AGGRESSIVE;
				CLANG_CXX_LANGUAGE_STANDARD = "gnu++14";
				CLANG_CXX_LIBRARY = "libc++";
				CLANG_ENABLE_MODULES = YES;
				CLANG_ENABLE_OBJC_ARC = YES;
				CLANG_ENABLE_OBJC_WEAK = YES;
				CLANG_WARN_BLOCK_CAPTURE_AUTORELEASING = YES;
				CLANG_WARN_BOOL_CONVERSION = YES;
				CLANG_WARN_COMMA = YES;
				CLANG_WARN_CONSTANT_CONVERSION = YES;
				CLANG_WARN_DEPRECATED_OBJC_IMPLEMENTATIONS = YES;
				CLANG_WARN_DIRECT_OBJC_ISA_USAGE = YES_ERROR;
				CLANG_WARN_DOCUMENTATION_COMMENTS = YES;
				CLANG_WARN_EMPTY_BODY = YES;
				CLANG_WARN_ENUM_CONVERSION = YES;
				CLANG_WARN_INFINITE_RECURSION = YES;
				CLANG_WARN_INT_CONVERSION = YES;
				CLANG_WARN_NON_LITERAL_NULL_CONVERSION = YES;
				CLANG_WARN_OBJC_IMPLICIT_RETAIN_SELF = YES;
				CLANG_WARN_OBJC_LITERAL_CONVERSION = YES;
				CLANG_WARN_OBJC_ROOT_CLASS = YES_ERROR;
				CLANG_WARN_RANGE_LOOP_ANALYSIS = YES;
				CLANG_WARN_STRICT_PROTOTYPES = YES;
				CLANG_WARN_SUSPICIOUS_MOVE = YES;
				CLANG_WARN_UNGUARDED_AVAILABILITY = YES_AGGRESSIVE;
				CLANG_WARN_UNREACHABLE_CODE = YES;
				CLANG_WARN__DUPLICATE_METHOD_MATCH = YES;
				COPY_PHASE_STRIP = NO;
				DEBUG_INFORMATION_FORMAT = "dwarf-with-dsym";
				ENABLE_NS_ASSERTIONS = NO;
				ENABLE_STRICT_OBJC_MSGSEND = YES;
				GCC_C_LANGUAGE_STANDARD = gnu11;
				GCC_NO_COMMON_BLOCKS = YES;
				GCC_WARN_64_TO_32_BIT_CONVERSION = YES;
				GCC_WARN_ABOUT_RETURN_TYPE = YES_ERROR;
				GCC_WARN_UNDECLARED_SELECTOR = YES;
				GCC_WARN_UNINITIALIZED_AUTOS = YES_AGGRESSIVE;
				GCC_WARN_UNUSED_FUNCTION = YES;
				GCC_WARN_UNUSED_VARIABLE = YES;
				IPHONEOS_DEPLOYMENT_TARGET = 13.0;
				MTL_ENABLE_DEBUG_INFO = NO;
				MTL_FAST_MATH = YES;
				SDKROOT = iphoneos;
				SWIFT_COMPILATION_MODE = wholemodule;
				SWIFT_OPTIMIZATION_LEVEL = "-O";
				VALIDATE_PRODUCT = YES;
			};
			name = Release;
		};
		BF74AFC92363363F00E35E64 /* Debug */ = {
			isa = XCBuildConfiguration;
			buildSettings = {
				ASSETCATALOG_COMPILER_APPICON_NAME = AppIcon;
				CODE_SIGN_STYLE = Automatic;
				DEVELOPMENT_TEAM = WUNJD37RX7;
				INFOPLIST_FILE = Project10/Info.plist;
				LD_RUNPATH_SEARCH_PATHS = (
					"$(inherited)",
					"@executable_path/Frameworks",
				);
				PRODUCT_BUNDLE_IDENTIFIER = com.yuhua.cheng.ihandysoft.Project10;
				PRODUCT_NAME = "$(TARGET_NAME)";
				SWIFT_VERSION = 5.0;
				TARGETED_DEVICE_FAMILY = "1,2";
			};
			name = Debug;
		};
		BF74AFCA2363363F00E35E64 /* Release */ = {
			isa = XCBuildConfiguration;
			buildSettings = {
				ASSETCATALOG_COMPILER_APPICON_NAME = AppIcon;
				CODE_SIGN_STYLE = Automatic;
				DEVELOPMENT_TEAM = WUNJD37RX7;
				INFOPLIST_FILE = Project10/Info.plist;
				LD_RUNPATH_SEARCH_PATHS = (
					"$(inherited)",
					"@executable_path/Frameworks",
				);
				PRODUCT_BUNDLE_IDENTIFIER = com.yuhua.cheng.ihandysoft.Project10;
				PRODUCT_NAME = "$(TARGET_NAME)";
				SWIFT_VERSION = 5.0;
				TARGETED_DEVICE_FAMILY = "1,2";
			};
			name = Release;
		};
/* End XCBuildConfiguration section */

/* Begin XCConfigurationList section */
		BF74AFAF2363363E00E35E64 /* Build configuration list for PBXProject "Project10" */ = {
			isa = XCConfigurationList;
			buildConfigurations = (
				BF74AFC62363363F00E35E64 /* Debug */,
				BF74AFC72363363F00E35E64 /* Release */,
			);
			defaultConfigurationIsVisible = 0;
			defaultConfigurationName = Release;
		};
		BF74AFC82363363F00E35E64 /* Build configuration list for PBXNativeTarget "Project10" */ = {
			isa = XCConfigurationList;
			buildConfigurations = (
				BF74AFC92363363F00E35E64 /* Debug */,
				BF74AFCA2363363F00E35E64 /* Release */,
			);
			defaultConfigurationIsVisible = 0;
			defaultConfigurationName = Release;
		};
/* End XCConfigurationList section */
	};
	rootObject = BF74AFAC2363363E00E35E64 /* Project object */;
}
