// !$*UTF8*$!
{
	archiveVersion = 1;
	classes = {
	};
	objectVersion = 50;
	objects = {

/* Begin PBXBuildFile section */
		BF4027F2238A0AB80039B974 /* AppDelegate.swift in Sources */ = {isa = PBXBuildFile; fileRef = BF4027F1238A0AB80039B974 /* AppDelegate.swift */; };
		BF4027F4238A0AB80039B974 /* SceneDelegate.swift in Sources */ = {isa = PBXBuildFile; fileRef = BF4027F3238A0AB80039B974 /* SceneDelegate.swift */; };
		BF4027F6238A0AB80039B974 /* ViewController.swift in Sources */ = {isa = PBXBuildFile; fileRef = BF4027F5238A0AB80039B974 /* ViewController.swift */; };
		BF4027F9238A0AB80039B974 /* Main.storyboard in Resources */ = {isa = PBXBuildFile; fileRef = BF4027F7238A0AB80039B974 /* Main.storyboard */; };
		BF4027FB238A0AB90039B974 /* Assets.xcassets in Resources */ = {isa = PBXBuildFile; fileRef = BF4027FA238A0AB90039B974 /* Assets.xcassets */; };
		BF4027FE238A0AB90039B974 /* LaunchScreen.storyboard in Resources */ = {isa = PBXBuildFile; fileRef = BF4027FC238A0AB90039B974 /* LaunchScreen.storyboard */; };
		BF402806238A0AC80039B974 /* TileView.swift in Sources */ = {isa = PBXBuildFile; fileRef = BF402805238A0AC80039B974 /* TileView.swift */; };
/* End PBXBuildFile section */

/* Begin PBXFileReference section */
		BF4027EE238A0AB80039B974 /* ch02.app */ = {isa = PBXFileReference; explicitFileType = wrapper.application; includeInIndex = 0; path = ch02.app; sourceTree = BUILT_PRODUCTS_DIR; };
		BF4027F1238A0AB80039B974 /* AppDelegate.swift */ = {isa = PBXFileReference; lastKnownFileType = sourcecode.swift; path = AppDelegate.swift; sourceTree = "<group>"; };
		BF4027F3238A0AB80039B974 /* SceneDelegate.swift */ = {isa = PBXFileReference; lastKnownFileType = sourcecode.swift; path = SceneDelegate.swift; sourceTree = "<group>"; };
		BF4027F5238A0AB80039B974 /* ViewController.swift */ = {isa = PBXFileReference; lastKnownFileType = sourcecode.swift; path = ViewController.swift; sourceTree = "<group>"; };
		BF4027F8238A0AB80039B974 /* Base */ = {isa = PBXFileReference; lastKnownFileType = file.storyboard; name = Base; path = Base.lproj/Main.storyboard; sourceTree = "<group>"; };
		BF4027FA238A0AB90039B974 /* Assets.xcassets */ = {isa = PBXFileReference; lastKnownFileType = folder.assetcatalog; path = Assets.xcassets; sourceTree = "<group>"; };
		BF4027FD238A0AB90039B974 /* Base */ = {isa = PBXFileReference; lastKnownFileType = file.storyboard; name = Base; path = Base.lproj/LaunchScreen.storyboard; sourceTree = "<group>"; };
		BF4027FF238A0AB90039B974 /* Info.plist */ = {isa = PBXFileReference; lastKnownFileType = text.plist.xml; path = Info.plist; sourceTree = "<group>"; };
		BF402805238A0AC80039B974 /* TileView.swift */ = {isa = PBXFileReference; lastKnownFileType = sourcecode.swift; path = TileView.swift; sourceTree = "<group>"; };
/* End PBXFileReference section */

/* Begin PBXFrameworksBuildPhase section */
		BF4027EB238A0AB80039B974 /* Frameworks */ = {
			isa = PBXFrameworksBuildPhase;
			buildActionMask = 2147483647;
			files = (
			);
			runOnlyForDeploymentPostprocessing = 0;
		};
/* End PBXFrameworksBuildPhase section */

/* Begin PBXGroup section */
		BF4027E5238A0AB80039B974 = {
			isa = PBXGroup;
			children = (
				BF4027F0238A0AB80039B974 /* ch02 */,
				BF4027EF238A0AB80039B974 /* Products */,
			);
			sourceTree = "<group>";
		};
		BF4027EF238A0AB80039B974 /* Products */ = {
			isa = PBXGroup;
			children = (
				BF4027EE238A0AB80039B974 /* ch02.app */,
			);
			name = Products;
			sourceTree = "<group>";
		};
		BF4027F0238A0AB80039B974 /* ch02 */ = {
			isa = PBXGroup;
			children = (
				BF4027F1238A0AB80039B974 /* AppDelegate.swift */,
				BF402805238A0AC80039B974 /* TileView.swift */,
				BF4027F3238A0AB80039B974 /* SceneDelegate.swift */,
				BF4027F5238A0AB80039B974 /* ViewController.swift */,
				BF4027F7238A0AB80039B974 /* Main.storyboard */,
				BF4027FA238A0AB90039B974 /* Assets.xcassets */,
				BF4027FC238A0AB90039B974 /* LaunchScreen.storyboard */,
				BF4027FF238A0AB90039B974 /* Info.plist */,
			);
			path = ch02;
			sourceTree = "<group>";
		};
/* End PBXGroup section */

/* Begin PBXNativeTarget section */
		BF4027ED238A0AB80039B974 /* ch02 */ = {
			isa = PBXNativeTarget;
			buildConfigurationList = BF402802238A0AB90039B974 /* Build configuration list for PBXNativeTarget "ch02" */;
			buildPhases = (
				BF4027EA238A0AB80039B974 /* Sources */,
				BF4027EB238A0AB80039B974 /* Frameworks */,
				BF4027EC238A0AB80039B974 /* Resources */,
			);
			buildRules = (
			);
			dependencies = (
			);
			name = ch02;
			productName = ch02;
			productReference = BF4027EE238A0AB80039B974 /* ch02.app */;
			productType = "com.apple.product-type.application";
		};
/* End PBXNativeTarget section */

/* Begin PBXProject section */
		BF4027E6238A0AB80039B974 /* Project object */ = {
			isa = PBXProject;
			attributes = {
				LastSwiftUpdateCheck = 1110;
				LastUpgradeCheck = 1110;
				ORGANIZATIONNAME = yuhua.cheng.ihandysoft;
				TargetAttributes = {
					BF4027ED238A0AB80039B974 = {
						CreatedOnToolsVersion = 11.1;
					};
				};
			};
			buildConfigurationList = BF4027E9238A0AB80039B974 /* Build configuration list for PBXProject "ch02" */;
			compatibilityVersion = "Xcode 9.3";
			developmentRegion = en;
			hasScannedForEncodings = 0;
			knownRegions = (
				en,
				Base,
			);
			mainGroup = BF4027E5238A0AB80039B974;
			productRefGroup = BF4027EF238A0AB80039B974 /* Products */;
			projectDirPath = "";
			projectRoot = "";
			targets = (
				BF4027ED238A0AB80039B974 /* ch02 */,
			);
		};
/* End PBXProject section */

/* Begin PBXResourcesBuildPhase section */
		BF4027EC238A0AB80039B974 /* Resources */ = {
			isa = PBXResourcesBuildPhase;
			buildActionMask = 2147483647;
			files = (
				BF4027FE238A0AB90039B974 /* LaunchScreen.storyboard in Resources */,
				BF4027FB238A0AB90039B974 /* Assets.xcassets in Resources */,
				BF4027F9238A0AB80039B974 /* Main.storyboard in Resources */,
			);
			runOnlyForDeploymentPostprocessing = 0;
		};
/* End PBXResourcesBuildPhase section */

/* Begin PBXSourcesBuildPhase section */
		BF4027EA238A0AB80039B974 /* Sources */ = {
			isa = PBXSourcesBuildPhase;
			buildActionMask = 2147483647;
			files = (
				BF4027F6238A0AB80039B974 /* ViewController.swift in Sources */,
				BF4027F2238A0AB80039B974 /* AppDelegate.swift in Sources */,
				BF402806238A0AC80039B974 /* TileView.swift in Sources */,
				BF4027F4238A0AB80039B974 /* SceneDelegate.swift in Sources */,
			);
			runOnlyForDeploymentPostprocessing = 0;
		};
/* End PBXSourcesBuildPhase section */

/* Begin PBXVariantGroup section */
		BF4027F7238A0AB80039B974 /* Main.storyboard */ = {
			isa = PBXVariantGroup;
			children = (
				BF4027F8238A0AB80039B974 /* Base */,
			);
			name = Main.storyboard;
			sourceTree = "<group>";
		};
		BF4027FC238A0AB90039B974 /* LaunchScreen.storyboard */ = {
			isa = PBXVariantGroup;
			children = (
				BF4027FD238A0AB90039B974 /* Base */,
			);
			name = LaunchScreen.storyboard;
			sourceTree = "<group>";
		};
/* End PBXVariantGroup section */

/* Begin XCBuildConfiguration section */
		BF402800238A0AB90039B974 /* Debug */ = {
			isa = XCBuildConfiguration;
			buildSettings = {
				ALWAYS_SEARCH_USER_PATHS = NO;
				CLANG_ANALYZER_NONNULL = YES;
				CLANG_ANALYZER_NUMBER_OBJECT_CONVERSION = YES_AGGRESSIVE;
				CLANG_CXX_LANGUAGE_STANDARD = "gnu++14";
				CLANG_CXX_LIBRARY = "libc++";
				CLANG_ENABLE_MODULES = YES;
				CLANG_ENABLE_OBJC_ARC = YES;
				CLANG_ENABLE_OBJC_WEAK = YES;
				CLANG_WARN_BLOCK_CAPTURE_AUTORELEASING = YES;
				CLANG_WARN_BOOL_CONVERSION = YES;
				CLANG_WARN_COMMA = YES;
				CLANG_WARN_CONSTANT_CONVERSION = YES;
				CLANG_WARN_DEPRECATED_OBJC_IMPLEMENTATIONS = YES;
				CLANG_WARN_DIRECT_OBJC_ISA_USAGE = YES_ERROR;
				CLANG_WARN_DOCUMENTATION_COMMENTS = YES;
				CLANG_WARN_EMPTY_BODY = YES;
				CLANG_WARN_ENUM_CONVERSION = YES;
				CLANG_WARN_INFINITE_RECURSION = YES;
				CLANG_WARN_INT_CONVERSION = YES;
				CLANG_WARN_NON_LITERAL_NULL_CONVERSION = YES;
				CLANG_WARN_OBJC_IMPLICIT_RETAIN_SELF = YES;
				CLANG_WARN_OBJC_LITERAL_CONVERSION = YES;
				CLANG_WARN_OBJC_ROOT_CLASS = YES_ERROR;
				CLANG_WARN_RANGE_LOOP_ANALYSIS = YES;
				CLANG_WARN_STRICT_PROTOTYPES = YES;
				CLANG_WARN_SUSPICIOUS_MOVE = YES;
				CLANG_WARN_UNGUARDED_AVAILABILITY = YES_AGGRESSIVE;
				CLANG_WARN_UNREACHABLE_CODE = YES;
				CLANG_WARN__DUPLICATE_METHOD_MATCH = YES;
				COPY_PHASE_STRIP = NO;
				DEBUG_INFORMATION_FORMAT = dwarf;
				ENABLE_STRICT_OBJC_MSGSEND = YES;
				ENABLE_TESTABILITY = YES;
				GCC_C_LANGUAGE_STANDARD = gnu11;
				GCC_DYNAMIC_NO_PIC = NO;
				GCC_NO_COMMON_BLOCKS = YES;
				GCC_OPTIMIZATION_LEVEL = 0;
				GCC_PREPROCESSOR_DEFINITIONS = (
					"DEBUG=1",
					"$(inherited)",
				);
				GCC_WARN_64_TO_32_BIT_CONVERSION = YES;
				GCC_WARN_ABOUT_RETURN_TYPE = YES_ERROR;
				GCC_WARN_UNDECLARED_SELECTOR = YES;
				GCC_WARN_UNINITIALIZED_AUTOS = YES_AGGRESSIVE;
				GCC_WARN_UNUSED_FUNCTION = YES;
				GCC_WARN_UNUSED_VARIABLE = YES;
				IPHONEOS_DEPLOYMENT_TARGET = 13.1;
				MTL_ENABLE_DEBUG_INFO = INCLUDE_SOURCE;
				MTL_FAST_MATH = YES;
				ONLY_ACTIVE_ARCH = YES;
				SDKROOT = iphoneos;
				SWIFT_ACTIVE_COMPILATION_CONDITIONS = DEBUG;
				SWIFT_OPTIMIZATION_LEVEL = "-Onone";
			};
			name = Debug;
		};
		BF402801238A0AB90039B974 /* Release */ = {
			isa = XCBuildConfiguration;
			buildSettings = {
				ALWAYS_SEARCH_USER_PATHS = NO;
				CLANG_ANALYZER_NONNULL = YES;
				CLANG_ANALYZER_NUMBER_OBJECT_CONVERSION = YES_AGGRESSIVE;
				CLANG_CXX_LANGUAGE_STANDARD = "gnu++14";
				CLANG_CXX_LIBRARY = "libc++";
				CLANG_ENABLE_MODULES = YES;
				CLANG_ENABLE_OBJC_ARC = YES;
				CLANG_ENABLE_OBJC_WEAK = YES;
				CLANG_WARN_BLOCK_CAPTURE_AUTORELEASING = YES;
				CLANG_WARN_BOOL_CONVERSION = YES;
				CLANG_WARN_COMMA = YES;
				CLANG_WARN_CONSTANT_CONVERSION = YES;
				CLANG_WARN_DEPRECATED_OBJC_IMPLEMENTATIONS = YES;
				CLANG_WARN_DIRECT_OBJC_ISA_USAGE = YES_ERROR;
				CLANG_WARN_DOCUMENTATION_COMMENTS = YES;
				CLANG_WARN_EMPTY_BODY = YES;
				CLANG_WARN_ENUM_CONVERSION = YES;
				CLANG_WARN_INFINITE_RECURSION = YES;
				CLANG_WARN_INT_CONVERSION = YES;
				CLANG_WARN_NON_LITERAL_NULL_CONVERSION = YES;
				CLANG_WARN_OBJC_IMPLICIT_RETAIN_SELF = YES;
				CLANG_WARN_OBJC_LITERAL_CONVERSION = YES;
				CLANG_WARN_OBJC_ROOT_CLASS = YES_ERROR;
				CLANG_WARN_RANGE_LOOP_ANALYSIS = YES;
				CLANG_WARN_STRICT_PROTOTYPES = YES;
				CLANG_WARN_SUSPICIOUS_MOVE = YES;
				CLANG_WARN_UNGUARDED_AVAILABILITY = YES_AGGRESSIVE;
				CLANG_WARN_UNREACHABLE_CODE = YES;
				CLANG_WARN__DUPLICATE_METHOD_MATCH = YES;
				COPY_PHASE_STRIP = NO;
				DEBUG_INFORMATION_FORMAT = "dwarf-with-dsym";
				ENABLE_NS_ASSERTIONS = NO;
				ENABLE_STRICT_OBJC_MSGSEND = YES;
				GCC_C_LANGUAGE_STANDARD = gnu11;
				GCC_NO_COMMON_BLOCKS = YES;
				GCC_WARN_64_TO_32_BIT_CONVERSION = YES;
				GCC_WARN_ABOUT_RETURN_TYPE = YES_ERROR;
				GCC_WARN_UNDECLARED_SELECTOR = YES;
				GCC_WARN_UNINITIALIZED_AUTOS = YES_AGGRESSIVE;
				GCC_WARN_UNUSED_FUNCTION = YES;
				GCC_WARN_UNUSED_VARIABLE = YES;
				IPHONEOS_DEPLOYMENT_TARGET = 13.1;
				MTL_ENABLE_DEBUG_INFO = NO;
				MTL_FAST_MATH = YES;
				SDKROOT = iphoneos;
				SWIFT_COMPILATION_MODE = wholemodule;
				SWIFT_OPTIMIZATION_LEVEL = "-O";
				VALIDATE_PRODUCT = YES;
			};
			name = Release;
		};
		BF402803238A0AB90039B974 /* Debug */ = {
			isa = XCBuildConfiguration;
			buildSettings = {
				ASSETCATALOG_COMPILER_APPICON_NAME = AppIcon;
				CODE_SIGN_STYLE = Automatic;
				INFOPLIST_FILE = ch02/Info.plist;
				LD_RUNPATH_SEARCH_PATHS = (
					"$(inherited)",
					"@executable_path/Frameworks",
				);
				PRODUCT_BUNDLE_IDENTIFIER = com.yuhua.cheng.ihandysoft.ch02;
				PRODUCT_NAME = "$(TARGET_NAME)";
				SWIFT_VERSION = 5.0;
				TARGETED_DEVICE_FAMILY = "1,2";
			};
			name = Debug;
		};
		BF402804238A0AB90039B974 /* Release */ = {
			isa = XCBuildConfiguration;
			buildSettings = {
				ASSETCATALOG_COMPILER_APPICON_NAME = AppIcon;
				CODE_SIGN_STYLE = Automatic;
				INFOPLIST_FILE = ch02/Info.plist;
				LD_RUNPATH_SEARCH_PATHS = (
					"$(inherited)",
					"@executable_path/Frameworks",
				);
				PRODUCT_BUNDLE_IDENTIFIER = com.yuhua.cheng.ihandysoft.ch02;
				PRODUCT_NAME = "$(TARGET_NAME)";
				SWIFT_VERSION = 5.0;
				TARGETED_DEVICE_FAMILY = "1,2";
			};
			name = Release;
		};
/* End XCBuildConfiguration section */

/* Begin XCConfigurationList section */
		BF4027E9238A0AB80039B974 /* Build configuration list for PBXProject "ch02" */ = {
			isa = XCConfigurationList;
			buildConfigurations = (
				BF402800238A0AB90039B974 /* Debug */,
				BF402801238A0AB90039B974 /* Release */,
			);
			defaultConfigurationIsVisible = 0;
			defaultConfigurationName = Release;
		};
		BF402802238A0AB90039B974 /* Build configuration list for PBXNativeTarget "ch02" */ = {
			isa = XCConfigurationList;
			buildConfigurations = (
				BF402803238A0AB90039B974 /* Debug */,
				BF402804238A0AB90039B974 /* Release */,
			);
			defaultConfigurationIsVisible = 0;
			defaultConfigurationName = Release;
		};
/* End XCConfigurationList section */
	};
	rootObject = BF4027E6238A0AB80039B974 /* Project object */;
}
